
Microsoft Visual Studio Solution File, Format Version 12.00
# Visual Studio Version 17
VisualStudioVersion = 17.3.32929.385
MinimumVisualStudioVersion = 10.0.40219.1
Project("{FAE04EC0-301F-11D3-BF4B-00C04F79EFBC}") = "Uifalean_Emanuel_Lab1", "Uifalean_Emanuel_Lab1.csproj", "{A75FB80F-6863-467D-BAB6-48084092998E}"
EndProject
Global
	GlobalSection(SolutionConfigurationPlatforms) = preSolution
		Debug|Any CPU = Debug|Any CPU
		Release|Any CPU = Release|Any CPU
	EndGlobalSection
	GlobalSection(ProjectConfigurationPlatforms) = postSolution
		{A75FB80F-6863-467D-BAB6-48084092998E}.Debug|Any CPU.ActiveCfg = Debug|Any CPU
		{A75FB80F-6863-467D-BAB6-48084092998E}.Debug|Any CPU.Build.0 = Debug|Any CPU
		{A75FB80F-6863-467D-BAB6-48084092998E}.Release|Any CPU.ActiveCfg = Release|Any CPU
		{A75FB80F-6863-467D-BAB6-48084092998E}.Release|Any CPU.Build.0 = Release|Any CPU
	EndGlobalSection
	GlobalSection(SolutionProperties) = preSolution
		HideSolutionNode = FALSE
	EndGlobalSection
	GlobalSection(ExtensibilityGlobals) = postSolution
		SolutionGuid = {684E698D-A4A6-47D3-8D3F-90F642B886D0}
	EndGlobalSection
EndGlobal
